// !$*UTF8*$!
{
	archiveVersion = 1;
	classes = {
	};
	objectVersion = 77;
	objects = {

/* Begin PBXContainerItemProxy section */
		27BB8BB72F0B893F00C5FD14 /* PBXContainerItemProxy */ = {
			isa = PBXContainerItemProxy;
			containerPortal = 276870F62EA1F5DF0034BCEE /* Project object */;
			proxyType = 1;
			remoteGlobalIDString = 276870FD2EA1F5DF0034BCEE;
			remoteInfo = MovieQuizCode;
		};
		27BB8BC42F0B89D900C5FD14 /* PBXContainerItemProxy */ = {
			isa = PBXContainerItemProxy;
			containerPortal = 276870F62EA1F5DF0034BCEE /* Project object */;
			proxyType = 1;
			remoteGlobalIDString = 276870FD2EA1F5DF0034BCEE;
			remoteInfo = MovieQuizCode;
		};
		27BB8BD92F120FC200C5FD14 /* PBXContainerItemProxy */ = {
			isa = PBXContainerItemProxy;
			containerPortal = 276870F62EA1F5DF0034BCEE /* Project object */;
			proxyType = 1;
			remoteGlobalIDString = 276870FD2EA1F5DF0034BCEE;
			remoteInfo = MovieQuizCode;
		};
		27BB8E3C2F25E93700C5FD14 /* PBXContainerItemProxy */ = {
			isa = PBXContainerItemProxy;
			containerPortal = 276870F62EA1F5DF0034BCEE /* Project object */;
			proxyType = 1;
			remoteGlobalIDString = 276870FD2EA1F5DF0034BCEE;
			remoteInfo = MovieQuizCode;
		};
/* End PBXContainerItemProxy section */

/* Begin PBXFileReference section */
		276870FE2EA1F5DF0034BCEE /* MovieQuizCode.app */ = {isa = PBXFileReference; explicitFileType = wrapper.application; includeInIndex = 0; path = MovieQuizCode.app; sourceTree = BUILT_PRODUCTS_DIR; };
		27BB8BB32F0B893F00C5FD14 /* MovieQuizCodeTests.xctest */ = {isa = PBXFileReference; explicitFileType = wrapper.cfbundle; includeInIndex = 0; path = MovieQuizCodeTests.xctest; sourceTree = BUILT_PRODUCTS_DIR; };
		27BB8BC02F0B89D900C5FD14 /* MovieQuizCodeTestsXC.xctest */ = {isa = PBXFileReference; explicitFileType = wrapper.cfbundle; includeInIndex = 0; path = MovieQuizCodeTestsXC.xctest; sourceTree = BUILT_PRODUCTS_DIR; };
		27BB8BD32F120FC200C5FD14 /* MovieQuizCodeUITests.xctest */ = {isa = PBXFileReference; explicitFileType = wrapper.cfbundle; includeInIndex = 0; path = MovieQuizCodeUITests.xctest; sourceTree = BUILT_PRODUCTS_DIR; };
		27BB8E382F25E93700C5FD14 /* MovieQuizCodePrtesenterTests.xctest */ = {isa = PBXFileReference; explicitFileType = wrapper.cfbundle; includeInIndex = 0; path = MovieQuizCodePrtesenterTests.xctest; sourceTree = BUILT_PRODUCTS_DIR; };
/* End PBXFileReference section */

/* Begin PBXFileSystemSynchronizedBuildFileExceptionSet section */
		276871102EA1F5E10034BCEE /* Exceptions for "MovieQuizCode" folder in "MovieQuizCode" target */ = {
			isa = PBXFileSystemSynchronizedBuildFileExceptionSet;
			membershipExceptions = (
				Info.plist,
			);
			target = 276870FD2EA1F5DF0034BCEE /* MovieQuizCode */;
		};
/* End PBXFileSystemSynchronizedBuildFileExceptionSet section */

/* Begin PBXFileSystemSynchronizedRootGroup section */
		276871002EA1F5DF0034BCEE /* MovieQuizCode */ = {
			isa = PBXFileSystemSynchronizedRootGroup;
			exceptions = (
				276871102EA1F5E10034BCEE /* Exceptions for "MovieQuizCode" folder in "MovieQuizCode" target */,
			);
			path = MovieQuizCode;
			sourceTree = "<group>";
		};
		27BB8BC12F0B89D900C5FD14 /* MovieQuizCodeTestsXC */ = {
			isa = PBXFileSystemSynchronizedRootGroup;
			path = MovieQuizCodeTestsXC;
			sourceTree = "<group>";
		};
		27BB8BD42F120FC200C5FD14 /* MovieQuizCodeUITests */ = {
			isa = PBXFileSystemSynchronizedRootGroup;
			path = MovieQuizCodeUITests;
			sourceTree = "<group>";
		};
		27BB8E392F25E93700C5FD14 /* MovieQuizCodePrtesenterTests */ = {
			isa = PBXFileSystemSynchronizedRootGroup;
			path = MovieQuizCodePrtesenterTests;
			sourceTree = "<group>";
		};
/* End PBXFileSystemSynchronizedRootGroup section */

/* Begin PBXFrameworksBuildPhase section */
		276870FB2EA1F5DF0034BCEE /* Frameworks */ = {
			isa = PBXFrameworksBuildPhase;
			buildActionMask = 2147483647;
			files = (
			);
			runOnlyForDeploymentPostprocessing = 0;
		};
		27BB8BB02F0B893F00C5FD14 /* Frameworks */ = {
			isa = PBXFrameworksBuildPhase;
			buildActionMask = 2147483647;
			files = (
			);
			runOnlyForDeploymentPostprocessing = 0;
		};
		27BB8BBD2F0B89D900C5FD14 /* Frameworks */ = {
			isa = PBXFrameworksBuildPhase;
			buildActionMask = 2147483647;
			files = (
			);
			runOnlyForDeploymentPostprocessing = 0;
		};
		27BB8BD02F120FC200C5FD14 /* Frameworks */ = {
			isa = PBXFrameworksBuildPhase;
			buildActionMask = 2147483647;
			files = (
			);
			runOnlyForDeploymentPostprocessing = 0;
		};
		27BB8E352F25E93700C5FD14 /* Frameworks */ = {
			isa = PBXFrameworksBuildPhase;
			buildActionMask = 2147483647;
			files = (
			);
			runOnlyForDeploymentPostprocessing = 0;
		};
/* End PBXFrameworksBuildPhase section */

/* Begin PBXGroup section */
		276870F52EA1F5DF0034BCEE = {
			isa = PBXGroup;
			children = (
				276871002EA1F5DF0034BCEE /* MovieQuizCode */,
				27BB8BC12F0B89D900C5FD14 /* MovieQuizCodeTestsXC */,
				27BB8BD42F120FC200C5FD14 /* MovieQuizCodeUITests */,
				27BB8E392F25E93700C5FD14 /* MovieQuizCodePrtesenterTests */,
				276870FF2EA1F5DF0034BCEE /* Products */,
			);
			sourceTree = "<group>";
		};
		276870FF2EA1F5DF0034BCEE /* Products */ = {
			isa = PBXGroup;
			children = (
				276870FE2EA1F5DF0034BCEE /* MovieQuizCode.app */,
				27BB8BB32F0B893F00C5FD14 /* MovieQuizCodeTests.xctest */,
				27BB8BC02F0B89D900C5FD14 /* MovieQuizCodeTestsXC.xctest */,
				27BB8BD32F120FC200C5FD14 /* MovieQuizCodeUITests.xctest */,
				27BB8E382F25E93700C5FD14 /* MovieQuizCodePrtesenterTests.xctest */,
			);
			name = Products;
			sourceTree = "<group>";
		};
/* End PBXGroup section */

/* Begin PBXNativeTarget section */
		276870FD2EA1F5DF0034BCEE /* MovieQuizCode */ = {
			isa = PBXNativeTarget;
			buildConfigurationList = 276871112EA1F5E10034BCEE /* Build configuration list for PBXNativeTarget "MovieQuizCode" */;
			buildPhases = (
				276870FA2EA1F5DF0034BCEE /* Sources */,
				276870FB2EA1F5DF0034BCEE /* Frameworks */,
				276870FC2EA1F5DF0034BCEE /* Resources */,
			);
			buildRules = (
			);
			dependencies = (
			);
			fileSystemSynchronizedGroups = (
				276871002EA1F5DF0034BCEE /* MovieQuizCode */,
			);
			name = MovieQuizCode;
			packageProductDependencies = (
			);
			productName = MovieQuizCode;
			productReference = 276870FE2EA1F5DF0034BCEE /* MovieQuizCode.app */;
			productType = "com.apple.product-type.application";
		};
		27BB8BB22F0B893F00C5FD14 /* MovieQuizCodeTests */ = {
			isa = PBXNativeTarget;
			buildConfigurationList = 27BB8BB92F0B893F00C5FD14 /* Build configuration list for PBXNativeTarget "MovieQuizCodeTests" */;
			buildPhases = (
				27BB8BAF2F0B893F00C5FD14 /* Sources */,
				27BB8BB02F0B893F00C5FD14 /* Frameworks */,
				27BB8BB12F0B893F00C5FD14 /* Resources */,
			);
			buildRules = (
			);
			dependencies = (
				27BB8BB82F0B893F00C5FD14 /* PBXTargetDependency */,
			);
			name = MovieQuizCodeTests;
			packageProductDependencies = (
			);
			productName = MovieQuizCodeTests;
			productReference = 27BB8BB32F0B893F00C5FD14 /* MovieQuizCodeTests.xctest */;
			productType = "com.apple.product-type.bundle.unit-test";
		};
		27BB8BBF2F0B89D900C5FD14 /* MovieQuizCodeTestsXC */ = {
			isa = PBXNativeTarget;
			buildConfigurationList = 27BB8BC62F0B89D900C5FD14 /* Build configuration list for PBXNativeTarget "MovieQuizCodeTestsXC" */;
			buildPhases = (
				27BB8BBC2F0B89D900C5FD14 /* Sources */,
				27BB8BBD2F0B89D900C5FD14 /* Frameworks */,
				27BB8BBE2F0B89D900C5FD14 /* Resources */,
			);
			buildRules = (
			);
			dependencies = (
				27BB8BC52F0B89D900C5FD14 /* PBXTargetDependency */,
			);
			fileSystemSynchronizedGroups = (
				27BB8BC12F0B89D900C5FD14 /* MovieQuizCodeTestsXC */,
			);
			name = MovieQuizCodeTestsXC;
			packageProductDependencies = (
			);
			productName = MovieQuizCodeTestsXC;
			productReference = 27BB8BC02F0B89D900C5FD14 /* MovieQuizCodeTestsXC.xctest */;
			productType = "com.apple.product-type.bundle.unit-test";
		};
		27BB8BD22F120FC200C5FD14 /* MovieQuizCodeUITests */ = {
			isa = PBXNativeTarget;
			buildConfigurationList = 27BB8BDB2F120FC200C5FD14 /* Build configuration list for PBXNativeTarget "MovieQuizCodeUITests" */;
			buildPhases = (
				27BB8BCF2F120FC200C5FD14 /* Sources */,
				27BB8BD02F120FC200C5FD14 /* Frameworks */,
				27BB8BD12F120FC200C5FD14 /* Resources */,
			);
			buildRules = (
			);
			dependencies = (
				27BB8BDA2F120FC200C5FD14 /* PBXTargetDependency */,
			);
			fileSystemSynchronizedGroups = (
				27BB8BD42F120FC200C5FD14 /* MovieQuizCodeUITests */,
			);
			name = MovieQuizCodeUITests;
			packageProductDependencies = (
			);
			productName = MovieQuizCodeUITests;
			productReference = 27BB8BD32F120FC200C5FD14 /* MovieQuizCodeUITests.xctest */;
			productType = "com.apple.product-type.bundle.ui-testing";
		};
		27BB8E372F25E93700C5FD14 /* MovieQuizCodePrtesenterTests */ = {
			isa = PBXNativeTarget;
			buildConfigurationList = 27BB8E3E2F25E93700C5FD14 /* Build configuration list for PBXNativeTarget "MovieQuizCodePrtesenterTests" */;
			buildPhases = (
				27BB8E342F25E93700C5FD14 /* Sources */,
				27BB8E352F25E93700C5FD14 /* Frameworks */,
				27BB8E362F25E93700C5FD14 /* Resources */,
			);
			buildRules = (
			);
			dependencies = (
				27BB8E3D2F25E93700C5FD14 /* PBXTargetDependency */,
			);
			fileSystemSynchronizedGroups = (
				27BB8E392F25E93700C5FD14 /* MovieQuizCodePrtesenterTests */,
			);
			name = MovieQuizCodePrtesenterTests;
			packageProductDependencies = (
			);
			productName = MovieQuizCodePrtesenterTests;
			productReference = 27BB8E382F25E93700C5FD14 /* MovieQuizCodePrtesenterTests.xctest */;
			productType = "com.apple.product-type.bundle.unit-test";
		};
/* End PBXNativeTarget section */

/* Begin PBXProject section */
		276870F62EA1F5DF0034BCEE /* Project object */ = {
			isa = PBXProject;
			attributes = {
				BuildIndependentTargetsInParallel = 1;
				LastSwiftUpdateCheck = 2610;
				LastUpgradeCheck = 2600;
				TargetAttributes = {
					276870FD2EA1F5DF0034BCEE = {
						CreatedOnToolsVersion = 26.0.1;
					};
					27BB8BB22F0B893F00C5FD14 = {
						CreatedOnToolsVersion = 26.1.1;
						TestTargetID = 276870FD2EA1F5DF0034BCEE;
					};
					27BB8BBF2F0B89D900C5FD14 = {
						CreatedOnToolsVersion = 26.1.1;
						TestTargetID = 276870FD2EA1F5DF0034BCEE;
					};
					27BB8BD22F120FC200C5FD14 = {
						CreatedOnToolsVersion = 26.1.1;
						TestTargetID = 276870FD2EA1F5DF0034BCEE;
					};
					27BB8E372F25E93700C5FD14 = {
						CreatedOnToolsVersion = 26.1.1;
						TestTargetID = 276870FD2EA1F5DF0034BCEE;
					};
				};
			};
			buildConfigurationList = 276870F92EA1F5DF0034BCEE /* Build configuration list for PBXProject "MovieQuizCode" */;
			developmentRegion = en;
			hasScannedForEncodings = 0;
			knownRegions = (
				en,
				Base,
			);
			mainGroup = 276870F52EA1F5DF0034BCEE;
			minimizedProjectReferenceProxies = 1;
			preferredProjectObjectVersion = 77;
			productRefGroup = 276870FF2EA1F5DF0034BCEE /* Products */;
			projectDirPath = "";
			projectRoot = "";
			targets = (
				276870FD2EA1F5DF0034BCEE /* MovieQuizCode */,
				27BB8BB22F0B893F00C5FD14 /* MovieQuizCodeTests */,
				27BB8BBF2F0B89D900C5FD14 /* MovieQuizCodeTestsXC */,
				27BB8BD22F120FC200C5FD14 /* MovieQuizCodeUITests */,
				27BB8E372F25E93700C5FD14 /* MovieQuizCodePrtesenterTests */,
			);
		};
/* End PBXProject section */

/* Begin PBXResourcesBuildPhase section */
		276870FC2EA1F5DF0034BCEE /* Resources */ = {
			isa = PBXResourcesBuildPhase;
			buildActionMask = 2147483647;
			files = (
			);
			runOnlyForDeploymentPostprocessing = 0;
		};
		27BB8BB12F0B893F00C5FD14 /* Resources */ = {
			isa = PBXResourcesBuildPhase;
			buildActionMask = 2147483647;
			files = (
			);
			runOnlyForDeploymentPostprocessing = 0;
		};
		27BB8BBE2F0B89D900C5FD14 /* Resources */ = {
			isa = PBXResourcesBuildPhase;
			buildActionMask = 2147483647;
			files = (
			);
			runOnlyForDeploymentPostprocessing = 0;
		};
		27BB8BD12F120FC200C5FD14 /* Resources */ = {
			isa = PBXResourcesBuildPhase;
			buildActionMask = 2147483647;
			files = (
			);
			runOnlyForDeploymentPostprocessing = 0;
		};
		27BB8E362F25E93700C5FD14 /* Resources */ = {
			isa = PBXResourcesBuildPhase;
			buildActionMask = 2147483647;
			files = (
			);
			runOnlyForDeploymentPostprocessing = 0;
		};
/* End PBXResourcesBuildPhase section */

/* Begin PBXSourcesBuildPhase section */
		276870FA2EA1F5DF0034BCEE /* Sources */ = {
			isa = PBXSourcesBuildPhase;
			buildActionMask = 2147483647;
			files = (
			);
			runOnlyForDeploymentPostprocessing = 0;
		};
		27BB8BAF2F0B893F00C5FD14 /* Sources */ = {
			isa = PBXSourcesBuildPhase;
			buildActionMask = 2147483647;
			files = (
			);
			runOnlyForDeploymentPostprocessing = 0;
		};
		27BB8BBC2F0B89D900C5FD14 /* Sources */ = {
			isa = PBXSourcesBuildPhase;
			buildActionMask = 2147483647;
			files = (
			);
			runOnlyForDeploymentPostprocessing = 0;
		};
		27BB8BCF2F120FC200C5FD14 /* Sources */ = {
			isa = PBXSourcesBuildPhase;
			buildActionMask = 2147483647;
			files = (
			);
			runOnlyForDeploymentPostprocessing = 0;
		};
		27BB8E342F25E93700C5FD14 /* Sources */ = {
			isa = PBXSourcesBuildPhase;
			buildActionMask = 2147483647;
			files = (
			);
			runOnlyForDeploymentPostprocessing = 0;
		};
/* End PBXSourcesBuildPhase section */

/* Begin PBXTargetDependency section */
		27BB8BB82F0B893F00C5FD14 /* PBXTargetDependency */ = {
			isa = PBXTargetDependency;
			target = 276870FD2EA1F5DF0034BCEE /* MovieQuizCode */;
			targetProxy = 27BB8BB72F0B893F00C5FD14 /* PBXContainerItemProxy */;
		};
		27BB8BC52F0B89D900C5FD14 /* PBXTargetDependency */ = {
			isa = PBXTargetDependency;
			target = 276870FD2EA1F5DF0034BCEE /* MovieQuizCode */;
			targetProxy = 27BB8BC42F0B89D900C5FD14 /* PBXContainerItemProxy */;
		};
		27BB8BDA2F120FC200C5FD14 /* PBXTargetDependency */ = {
			isa = PBXTargetDependency;
			target = 276870FD2EA1F5DF0034BCEE /* MovieQuizCode */;
			targetProxy = 27BB8BD92F120FC200C5FD14 /* PBXContainerItemProxy */;
		};
		27BB8E3D2F25E93700C5FD14 /* PBXTargetDependency */ = {
			isa = PBXTargetDependency;
			target = 276870FD2EA1F5DF0034BCEE /* MovieQuizCode */;
			targetProxy = 27BB8E3C2F25E93700C5FD14 /* PBXContainerItemProxy */;
		};
/* End PBXTargetDependency section */

/* Begin XCBuildConfiguration section */
		276871122EA1F5E10034BCEE /* Debug */ = {
			isa = XCBuildConfiguration;
			buildSettings = {
				ASSETCATALOG_COMPILER_APPICON_NAME = AppIcon;
				ASSETCATALOG_COMPILER_GLOBAL_ACCENT_COLOR_NAME = AccentColor;
				CODE_SIGN_STYLE = Automatic;
				CURRENT_PROJECT_VERSION = 1;
				GENERATE_INFOPLIST_FILE = YES;
				INFOPLIST_FILE = MovieQuizCode/Info.plist;
				INFOPLIST_KEY_UIApplicationSupportsIndirectInputEvents = YES;
				INFOPLIST_KEY_UILaunchStoryboardName = LaunchScreen;
				INFOPLIST_KEY_UISupportedInterfaceOrientations_iPad = "UIInterfaceOrientationPortrait UIInterfaceOrientationPortraitUpsideDown UIInterfaceOrientationLandscapeLeft UIInterfaceOrientationLandscapeRight";
				INFOPLIST_KEY_UISupportedInterfaceOrientations_iPhone = "UIInterfaceOrientationPortrait UIInterfaceOrientationLandscapeLeft UIInterfaceOrientationLandscapeRight";
				LD_RUNPATH_SEARCH_PATHS = (
					"$(inherited)",
					"@executable_path/Frameworks",
				);
				MARKETING_VERSION = 1.0;
				PRODUCT_BUNDLE_IDENTIFIER = ru.yandex.practicum.Alerts.MovieQuizCode;
				PRODUCT_NAME = "$(TARGET_NAME)";
				STRING_CATALOG_GENERATE_SYMBOLS = YES;
				SWIFT_APPROACHABLE_CONCURRENCY = YES;
				SWIFT_DEFAULT_ACTOR_ISOLATION = MainActor;
				SWIFT_EMIT_LOC_STRINGS = YES;
				SWIFT_UPCOMING_FEATURE_MEMBER_IMPORT_VISIBILITY = YES;
				SWIFT_VERSION = 5.0;
				TARGETED_DEVICE_FAMILY = "1,2";
			};
			name = Debug;
		};
		276871132EA1F5E10034BCEE /* Release */ = {
			isa = XCBuildConfiguration;
			buildSettings = {
				ASSETCATALOG_COMPILER_APPICON_NAME = AppIcon;
				ASSETCATALOG_COMPILER_GLOBAL_ACCENT_COLOR_NAME = AccentColor;
				CODE_SIGN_STYLE = Automatic;
				CURRENT_PROJECT_VERSION = 1;
				GENERATE_INFOPLIST_FILE = YES;
				INFOPLIST_FILE = MovieQuizCode/Info.plist;
				INFOPLIST_KEY_UIApplicationSupportsIndirectInputEvents = YES;
				INFOPLIST_KEY_UILaunchStoryboardName = LaunchScreen;
				INFOPLIST_KEY_UISupportedInterfaceOrientations_iPad = "UIInterfaceOrientationPortrait UIInterfaceOrientationPortraitUpsideDown UIInterfaceOrientationLandscapeLeft UIInterfaceOrientationLandscapeRight";
				INFOPLIST_KEY_UISupportedInterfaceOrientations_iPhone = "UIInterfaceOrientationPortrait UIInterfaceOrientationLandscapeLeft UIInterfaceOrientationLandscapeRight";
				LD_RUNPATH_SEARCH_PATHS = (
					"$(inherited)",
					"@executable_path/Frameworks",
				);
				MARKETING_VERSION = 1.0;
				PRODUCT_BUNDLE_IDENTIFIER = ru.yandex.practicum.Alerts.MovieQuizCode;
				PRODUCT_NAME = "$(TARGET_NAME)";
				STRING_CATALOG_GENERATE_SYMBOLS = YES;
				SWIFT_APPROACHABLE_CONCURRENCY = YES;
				SWIFT_DEFAULT_ACTOR_ISOLATION = MainActor;
				SWIFT_EMIT_LOC_STRINGS = YES;
				SWIFT_UPCOMING_FEATURE_MEMBER_IMPORT_VISIBILITY = YES;
				SWIFT_VERSION = 5.0;
				TARGETED_DEVICE_FAMILY = "1,2";
			};
			name = Release;
		};
		276871142EA1F5E10034BCEE /* Debug */ = {
			isa = XCBuildConfiguration;
			buildSettings = {
				ALWAYS_SEARCH_USER_PATHS = NO;
				ASSETCATALOG_COMPILER_GENERATE_SWIFT_ASSET_SYMBOL_EXTENSIONS = YES;
				CLANG_ANALYZER_NONNULL = YES;
				CLANG_ANALYZER_NUMBER_OBJECT_CONVERSION = YES_AGGRESSIVE;
				CLANG_CXX_LANGUAGE_STANDARD = "gnu++20";
				CLANG_ENABLE_MODULES = YES;
				CLANG_ENABLE_OBJC_ARC = YES;
				CLANG_ENABLE_OBJC_WEAK = YES;
				CLANG_WARN_BLOCK_CAPTURE_AUTORELEASING = YES;
				CLANG_WARN_BOOL_CONVERSION = YES;
				CLANG_WARN_COMMA = YES;
				CLANG_WARN_CONSTANT_CONVERSION = YES;
				CLANG_WARN_DEPRECATED_OBJC_IMPLEMENTATIONS = YES;
				CLANG_WARN_DIRECT_OBJC_ISA_USAGE = YES_ERROR;
				CLANG_WARN_DOCUMENTATION_COMMENTS = YES;
				CLANG_WARN_EMPTY_BODY = YES;
				CLANG_WARN_ENUM_CONVERSION = YES;
				CLANG_WARN_INFINITE_RECURSION = YES;
				CLANG_WARN_INT_CONVERSION = YES;
				CLANG_WARN_NON_LITERAL_NULL_CONVERSION = YES;
				CLANG_WARN_OBJC_IMPLICIT_RETAIN_SELF = YES;
				CLANG_WARN_OBJC_LITERAL_CONVERSION = YES;
				CLANG_WARN_OBJC_ROOT_CLASS = YES_ERROR;
				CLANG_WARN_QUOTED_INCLUDE_IN_FRAMEWORK_HEADER = YES;
				CLANG_WARN_RANGE_LOOP_ANALYSIS = YES;
				CLANG_WARN_STRICT_PROTOTYPES = YES;
				CLANG_WARN_SUSPICIOUS_MOVE = YES;
				CLANG_WARN_UNGUARDED_AVAILABILITY = YES_AGGRESSIVE;
				CLANG_WARN_UNREACHABLE_CODE = YES;
				CLANG_WARN__DUPLICATE_METHOD_MATCH = YES;
				COPY_PHASE_STRIP = NO;
				DEBUG_INFORMATION_FORMAT = dwarf;
				ENABLE_STRICT_OBJC_MSGSEND = YES;
				ENABLE_TESTABILITY = YES;
				ENABLE_USER_SCRIPT_SANDBOXING = YES;
				GCC_C_LANGUAGE_STANDARD = gnu17;
				GCC_DYNAMIC_NO_PIC = NO;
				GCC_NO_COMMON_BLOCKS = YES;
				GCC_OPTIMIZATION_LEVEL = 0;
				GCC_PREPROCESSOR_DEFINITIONS = (
					"DEBUG=1",
					"$(inherited)",
				);
				GCC_WARN_64_TO_32_BIT_CONVERSION = YES;
				GCC_WARN_ABOUT_RETURN_TYPE = YES_ERROR;
				GCC_WARN_UNDECLARED_SELECTOR = YES;
				GCC_WARN_UNINITIALIZED_AUTOS = YES_AGGRESSIVE;
				GCC_WARN_UNUSED_FUNCTION = YES;
				GCC_WARN_UNUSED_VARIABLE = YES;
				IPHONEOS_DEPLOYMENT_TARGET = 26.0;
				LOCALIZATION_PREFERS_STRING_CATALOGS = YES;
				MTL_ENABLE_DEBUG_INFO = INCLUDE_SOURCE;
				MTL_FAST_MATH = YES;
				ONLY_ACTIVE_ARCH = YES;
				SDKROOT = iphoneos;
				SWIFT_ACTIVE_COMPILATION_CONDITIONS = "DEBUG $(inherited)";
				SWIFT_OPTIMIZATION_LEVEL = "-Onone";
			};
			name = Debug;
		};
		276871152EA1F5E10034BCEE /* Release */ = {
			isa = XCBuildConfiguration;
			buildSettings = {
				ALWAYS_SEARCH_USER_PATHS = NO;
				ASSETCATALOG_COMPILER_GENERATE_SWIFT_ASSET_SYMBOL_EXTENSIONS = YES;
				CLANG_ANALYZER_NONNULL = YES;
				CLANG_ANALYZER_NUMBER_OBJECT_CONVERSION = YES_AGGRESSIVE;
				CLANG_CXX_LANGUAGE_STANDARD = "gnu++20";
				CLANG_ENABLE_MODULES = YES;
				CLANG_ENABLE_OBJC_ARC = YES;
				CLANG_ENABLE_OBJC_WEAK = YES;
				CLANG_WARN_BLOCK_CAPTURE_AUTORELEASING = YES;
				CLANG_WARN_BOOL_CONVERSION = YES;
				CLANG_WARN_COMMA = YES;
				CLANG_WARN_CONSTANT_CONVERSION = YES;
				CLANG_WARN_DEPRECATED_OBJC_IMPLEMENTATIONS = YES;
				CLANG_WARN_DIRECT_OBJC_ISA_USAGE = YES_ERROR;
				CLANG_WARN_DOCUMENTATION_COMMENTS = YES;
				CLANG_WARN_EMPTY_BODY = YES;
				CLANG_WARN_ENUM_CONVERSION = YES;
				CLANG_WARN_INFINITE_RECURSION = YES;
				CLANG_WARN_INT_CONVERSION = YES;
				CLANG_WARN_NON_LITERAL_NULL_CONVERSION = YES;
				CLANG_WARN_OBJC_IMPLICIT_RETAIN_SELF = YES;
				CLANG_WARN_OBJC_LITERAL_CONVERSION = YES;
				CLANG_WARN_OBJC_ROOT_CLASS = YES_ERROR;
				CLANG_WARN_QUOTED_INCLUDE_IN_FRAMEWORK_HEADER = YES;
				CLANG_WARN_RANGE_LOOP_ANALYSIS = YES;
				CLANG_WARN_STRICT_PROTOTYPES = YES;
				CLANG_WARN_SUSPICIOUS_MOVE = YES;
				CLANG_WARN_UNGUARDED_AVAILABILITY = YES_AGGRESSIVE;
				CLANG_WARN_UNREACHABLE_CODE = YES;
				CLANG_WARN__DUPLICATE_METHOD_MATCH = YES;
				COPY_PHASE_STRIP = NO;
				DEBUG_INFORMATION_FORMAT = "dwarf-with-dsym";
				ENABLE_NS_ASSERTIONS = NO;
				ENABLE_STRICT_OBJC_MSGSEND = YES;
				ENABLE_USER_SCRIPT_SANDBOXING = YES;
				GCC_C_LANGUAGE_STANDARD = gnu17;
				GCC_NO_COMMON_BLOCKS = YES;
				GCC_WARN_64_TO_32_BIT_CONVERSION = YES;
				GCC_WARN_ABOUT_RETURN_TYPE = YES_ERROR;
				GCC_WARN_UNDECLARED_SELECTOR = YES;
				GCC_WARN_UNINITIALIZED_AUTOS = YES_AGGRESSIVE;
				GCC_WARN_UNUSED_FUNCTION = YES;
				GCC_WARN_UNUSED_VARIABLE = YES;
				IPHONEOS_DEPLOYMENT_TARGET = 26.0;
				LOCALIZATION_PREFERS_STRING_CATALOGS = YES;
				MTL_ENABLE_DEBUG_INFO = NO;
				MTL_FAST_MATH = YES;
				SDKROOT = iphoneos;
				SWIFT_COMPILATION_MODE = wholemodule;
				VALIDATE_PRODUCT = YES;
			};
			name = Release;
		};
		27BB8BBA2F0B893F00C5FD14 /* Debug */ = {
			isa = XCBuildConfiguration;
			buildSettings = {
				BUNDLE_LOADER = "$(TEST_HOST)";
				CODE_SIGN_STYLE = Automatic;
				CURRENT_PROJECT_VERSION = 1;
				GENERATE_INFOPLIST_FILE = YES;
				IPHONEOS_DEPLOYMENT_TARGET = 26.0;
				MARKETING_VERSION = 1.0;
				PRODUCT_BUNDLE_IDENTIFIER = ru.yandex.practicum.MovieQuizCodeTests;
				PRODUCT_NAME = "$(TARGET_NAME)";
				STRING_CATALOG_GENERATE_SYMBOLS = NO;
				SWIFT_APPROACHABLE_CONCURRENCY = YES;
				SWIFT_EMIT_LOC_STRINGS = NO;
				SWIFT_UPCOMING_FEATURE_MEMBER_IMPORT_VISIBILITY = YES;
				SWIFT_VERSION = 5.0;
				TARGETED_DEVICE_FAMILY = "1,2";
				TEST_HOST = "$(BUILT_PRODUCTS_DIR)/MovieQuizCode.app/$(BUNDLE_EXECUTABLE_FOLDER_PATH)/MovieQuizCode";
			};
			name = Debug;
		};
		27BB8BBB2F0B893F00C5FD14 /* Release */ = {
			isa = XCBuildConfiguration;
			buildSettings = {
				BUNDLE_LOADER = "$(TEST_HOST)";
				CODE_SIGN_STYLE = Automatic;
				CURRENT_PROJECT_VERSION = 1;
				GENERATE_INFOPLIST_FILE = YES;
				IPHONEOS_DEPLOYMENT_TARGET = 26.0;
				MARKETING_VERSION = 1.0;
				PRODUCT_BUNDLE_IDENTIFIER = ru.yandex.practicum.MovieQuizCodeTests;
				PRODUCT_NAME = "$(TARGET_NAME)";
				STRING_CATALOG_GENERATE_SYMBOLS = NO;
				SWIFT_APPROACHABLE_CONCURRENCY = YES;
				SWIFT_EMIT_LOC_STRINGS = NO;
				SWIFT_UPCOMING_FEATURE_MEMBER_IMPORT_VISIBILITY = YES;
				SWIFT_VERSION = 5.0;
				TARGETED_DEVICE_FAMILY = "1,2";
				TEST_HOST = "$(BUILT_PRODUCTS_DIR)/MovieQuizCode.app/$(BUNDLE_EXECUTABLE_FOLDER_PATH)/MovieQuizCode";
			};
			name = Release;
		};
		27BB8BC72F0B89D900C5FD14 /* Debug */ = {
			isa = XCBuildConfiguration;
			buildSettings = {
				BUNDLE_LOADER = "$(TEST_HOST)";
				CODE_SIGN_STYLE = Automatic;
				CURRENT_PROJECT_VERSION = 1;
				GENERATE_INFOPLIST_FILE = YES;
				IPHONEOS_DEPLOYMENT_TARGET = 26.0;
				MARKETING_VERSION = 1.0;
				PRODUCT_BUNDLE_IDENTIFIER = ru.yandex.practicum.MovieQuizCodeTestsXC;
				PRODUCT_NAME = "$(TARGET_NAME)";
				STRING_CATALOG_GENERATE_SYMBOLS = NO;
				SWIFT_APPROACHABLE_CONCURRENCY = YES;
				SWIFT_EMIT_LOC_STRINGS = NO;
				SWIFT_UPCOMING_FEATURE_MEMBER_IMPORT_VISIBILITY = YES;
				SWIFT_VERSION = 5.0;
				TARGETED_DEVICE_FAMILY = "1,2";
				TEST_HOST = "$(BUILT_PRODUCTS_DIR)/MovieQuizCode.app/$(BUNDLE_EXECUTABLE_FOLDER_PATH)/MovieQuizCode";
			};
			name = Debug;
		};
		27BB8BC82F0B89D900C5FD14 /* Release */ = {
			isa = XCBuildConfiguration;
			buildSettings = {
				BUNDLE_LOADER = "$(TEST_HOST)";
				CODE_SIGN_STYLE = Automatic;
				CURRENT_PROJECT_VERSION = 1;
				GENERATE_INFOPLIST_FILE = YES;
				IPHONEOS_DEPLOYMENT_TARGET = 26.0;
				MARKETING_VERSION = 1.0;
				PRODUCT_BUNDLE_IDENTIFIER = ru.yandex.practicum.MovieQuizCodeTestsXC;
				PRODUCT_NAME = "$(TARGET_NAME)";
				STRING_CATALOG_GENERATE_SYMBOLS = NO;
				SWIFT_APPROACHABLE_CONCURRENCY = YES;
				SWIFT_EMIT_LOC_STRINGS = NO;
				SWIFT_UPCOMING_FEATURE_MEMBER_IMPORT_VISIBILITY = YES;
				SWIFT_VERSION = 5.0;
				TARGETED_DEVICE_FAMILY = "1,2";
				TEST_HOST = "$(BUILT_PRODUCTS_DIR)/MovieQuizCode.app/$(BUNDLE_EXECUTABLE_FOLDER_PATH)/MovieQuizCode";
			};
			name = Release;
		};
		27BB8BDC2F120FC200C5FD14 /* Debug */ = {
			isa = XCBuildConfiguration;
			buildSettings = {
				CODE_SIGN_STYLE = Automatic;
				CURRENT_PROJECT_VERSION = 1;
				GENERATE_INFOPLIST_FILE = YES;
				IPHONEOS_DEPLOYMENT_TARGET = 26.0;
				MARKETING_VERSION = 1.0;
				PRODUCT_BUNDLE_IDENTIFIER = ru.yandex.practicum.MovieQuizCodeUITests;
				PRODUCT_NAME = "$(TARGET_NAME)";
				STRING_CATALOG_GENERATE_SYMBOLS = NO;
				SWIFT_APPROACHABLE_CONCURRENCY = YES;
				SWIFT_EMIT_LOC_STRINGS = NO;
				SWIFT_UPCOMING_FEATURE_MEMBER_IMPORT_VISIBILITY = YES;
				SWIFT_VERSION = 5.0;
				TARGETED_DEVICE_FAMILY = "1,2";
				TEST_TARGET_NAME = MovieQuizCode;
			};
			name = Debug;
		};
		27BB8BDD2F120FC200C5FD14 /* Release */ = {
			isa = XCBuildConfiguration;
			buildSettings = {
				CODE_SIGN_STYLE = Automatic;
				CURRENT_PROJECT_VERSION = 1;
				GENERATE_INFOPLIST_FILE = YES;
				IPHONEOS_DEPLOYMENT_TARGET = 26.0;
				MARKETING_VERSION = 1.0;
				PRODUCT_BUNDLE_IDENTIFIER = ru.yandex.practicum.MovieQuizCodeUITests;
				PRODUCT_NAME = "$(TARGET_NAME)";
				STRING_CATALOG_GENERATE_SYMBOLS = NO;
				SWIFT_APPROACHABLE_CONCURRENCY = YES;
				SWIFT_EMIT_LOC_STRINGS = NO;
				SWIFT_UPCOMING_FEATURE_MEMBER_IMPORT_VISIBILITY = YES;
				SWIFT_VERSION = 5.0;
				TARGETED_DEVICE_FAMILY = "1,2";
				TEST_TARGET_NAME = MovieQuizCode;
			};
			name = Release;
		};
		27BB8E3F2F25E93700C5FD14 /* Debug */ = {
			isa = XCBuildConfiguration;
			buildSettings = {
				BUNDLE_LOADER = "$(TEST_HOST)";
				CODE_SIGN_STYLE = Automatic;
				CURRENT_PROJECT_VERSION = 1;
				GENERATE_INFOPLIST_FILE = YES;
				IPHONEOS_DEPLOYMENT_TARGET = 26.0;
				MARKETING_VERSION = 1.0;
				PRODUCT_BUNDLE_IDENTIFIER = ru.yandex.practicum.MovieQuizCodePrtesenterTests;
				PRODUCT_NAME = "$(TARGET_NAME)";
				STRING_CATALOG_GENERATE_SYMBOLS = NO;
				SWIFT_APPROACHABLE_CONCURRENCY = YES;
				SWIFT_EMIT_LOC_STRINGS = NO;
				SWIFT_UPCOMING_FEATURE_MEMBER_IMPORT_VISIBILITY = YES;
				SWIFT_VERSION = 5.0;
				TARGETED_DEVICE_FAMILY = "1,2";
				TEST_HOST = "$(BUILT_PRODUCTS_DIR)/MovieQuizCode.app/$(BUNDLE_EXECUTABLE_FOLDER_PATH)/MovieQuizCode";
			};
			name = Debug;
		};
		27BB8E402F25E93700C5FD14 /* Release */ = {
			isa = XCBuildConfiguration;
			buildSettings = {
				BUNDLE_LOADER = "$(TEST_HOST)";
				CODE_SIGN_STYLE = Automatic;
				CURRENT_PROJECT_VERSION = 1;
				GENERATE_INFOPLIST_FILE = YES;
				IPHONEOS_DEPLOYMENT_TARGET = 26.0;
				MARKETING_VERSION = 1.0;
				PRODUCT_BUNDLE_IDENTIFIER = ru.yandex.practicum.MovieQuizCodePrtesenterTests;
				PRODUCT_NAME = "$(TARGET_NAME)";
				STRING_CATALOG_GENERATE_SYMBOLS = NO;
				SWIFT_APPROACHABLE_CONCURRENCY = YES;
				SWIFT_EMIT_LOC_STRINGS = NO;
				SWIFT_UPCOMING_FEATURE_MEMBER_IMPORT_VISIBILITY = YES;
				SWIFT_VERSION = 5.0;
				TARGETED_DEVICE_FAMILY = "1,2";
				TEST_HOST = "$(BUILT_PRODUCTS_DIR)/MovieQuizCode.app/$(BUNDLE_EXECUTABLE_FOLDER_PATH)/MovieQuizCode";
			};
			name = Release;
		};
/* End XCBuildConfiguration section */

/* Begin XCConfigurationList section */
		276870F92EA1F5DF0034BCEE /* Build configuration list for PBXProject "MovieQuizCode" */ = {
			isa = XCConfigurationList;
			buildConfigurations = (
				276871142EA1F5E10034BCEE /* Debug */,
				276871152EA1F5E10034BCEE /* Release */,
			);
			defaultConfigurationIsVisible = 0;
			defaultConfigurationName = Release;
		};
		276871112EA1F5E10034BCEE /* Build configuration list for PBXNativeTarget "MovieQuizCode" */ = {
			isa = XCConfigurationList;
			buildConfigurations = (
				276871122EA1F5E10034BCEE /* Debug */,
				276871132EA1F5E10034BCEE /* Release */,
			);
			defaultConfigurationIsVisible = 0;
			defaultConfigurationName = Release;
		};
		27BB8BB92F0B893F00C5FD14 /* Build configuration list for PBXNativeTarget "MovieQuizCodeTests" */ = {
			isa = XCConfigurationList;
			buildConfigurations = (
				27BB8BBA2F0B893F00C5FD14 /* Debug */,
				27BB8BBB2F0B893F00C5FD14 /* Release */,
			);
			defaultConfigurationIsVisible = 0;
			defaultConfigurationName = Release;
		};
		27BB8BC62F0B89D900C5FD14 /* Build configuration list for PBXNativeTarget "MovieQuizCodeTestsXC" */ = {
			isa = XCConfigurationList;
			buildConfigurations = (
				27BB8BC72F0B89D900C5FD14 /* Debug */,
				27BB8BC82F0B89D900C5FD14 /* Release */,
			);
			defaultConfigurationIsVisible = 0;
			defaultConfigurationName = Release;
		};
		27BB8BDB2F120FC200C5FD14 /* Build configuration list for PBXNativeTarget "MovieQuizCodeUITests" */ = {
			isa = XCConfigurationList;
			buildConfigurations = (
				27BB8BDC2F120FC200C5FD14 /* Debug */,
				27BB8BDD2F120FC200C5FD14 /* Release */,
			);
			defaultConfigurationIsVisible = 0;
			defaultConfigurationName = Release;
		};
		27BB8E3E2F25E93700C5FD14 /* Build configuration list for PBXNativeTarget "MovieQuizCodePrtesenterTests" */ = {
			isa = XCConfigurationList;
			buildConfigurations = (
				27BB8E3F2F25E93700C5FD14 /* Debug */,
				27BB8E402F25E93700C5FD14 /* Release */,
			);
			defaultConfigurationIsVisible = 0;
			defaultConfigurationName = Release;
		};
/* End XCConfigurationList section */
	};
	rootObject = 276870F62EA1F5DF0034BCEE /* Project object */;
}
